<?xml version="1.0" encoding="utf-8"?>
<Project ToolsVersion="4.0" xmlns="http://schemas.microsoft.com/developer/msbuild/2003">
  <ItemGroup>
    <Filter Include="Source Files">
      <UniqueIdentifier>{4FC737F1-C7A5-4376-A066-2A32D752A2FF}</UniqueIdentifier>
      <Extensions>cpp;c;cc;cxx;def;odl;idl;hpj;bat;asm;asmx</Extensions>
    </Filter>
    <Filter Include="Header Files">
      <UniqueIdentifier>{93995380-89BD-4b04-88EB-625FBE52EBFB}</UniqueIdentifier>
      <Extensions>h;hh;hpp;hxx;hm;inl;inc;ipp;xsd</Extensions>
    </Filter>
    <Filter Include="Resource Files">
      <UniqueIdentifier>{67DA6AB6-F800-4c08-8B7A-83BB121AAD01}</UniqueIdentifier>
      <Extensions>rc;ico;cur;bmp;dlg;rc2;rct;bin;rgs;gif;jpg;jpeg;jpe;resx;tiff;tif;png;wav;mfcribbon-ms</Extensions>
    </Filter>
    <Filter Include="Source Files\Condtions">
      <UniqueIdentifier>{36fc6699-7c8a-44ab-86a6-57ccc4bb6edf}</UniqueIdentifier>
    </Filter>
    <Filter Include="Source Files\Behaviors">
      <UniqueIdentifier>{c816ab9f-d574-4284-acdd-223a31c6872e}</UniqueIdentifier>
    </Filter>
    <Filter Include="Header Files\Conditions">
      <UniqueIdentifier>{875ac6ec-4dbb-4b7e-a717-3e1ae42a17e0}</UniqueIdentifier>
    </Filter>
    <Filter Include="Header Files\Behaviors">
      <UniqueIdentifier>{b5eec14b-186c-4780-8768-af8f105a362c}</UniqueIdentifier>
    </Filter>
    <Filter Include="Header Files\Decisions">
      <UniqueIdentifier>{931838d1-a3fa-4a24-9dff-d8f453aa2fa4}</UniqueIdentifier>
    </Filter>
    <Filter Include="Source Files\Decisions">
      <UniqueIdentifier>{7dca6163-d6ad-4f30-869a-7d1f35ee5348}</UniqueIdentifier>
    </Filter>
    <Filter Include="Header Files\Agents">
      <UniqueIdentifier>{c17c6584-8450-4eeb-b81c-6d5f9075bb38}</UniqueIdentifier>
    </Filter>
    <Filter Include="Source Files\Agents">
      <UniqueIdentifier>{717bc205-a9c4-4cee-823e-9fc9d163c466}</UniqueIdentifier>
    </Filter>
  </ItemGroup>
  <ItemGroup>
    <ClCompile Include="main.cpp">
      <Filter>Source Files</Filter>
    </ClCompile>
    <ClCompile Include="Transition.cpp">
      <Filter>Source Files</Filter>
    </ClCompile>
    <ClCompile Include="KeyboardBehavior.cpp">
      <Filter>Source Files\Behaviors</Filter>
    </ClCompile>
    <ClCompile Include="PursuitBehavior.cpp">
      <Filter>Source Files\Behaviors</Filter>
    </ClCompile>
    <ClCompile Include="ScreenEdgeBehavior.cpp">
      <Filter>Source Files\Behaviors</Filter>
    </ClCompile>
    <ClCompile Include="SeekBehavior.cpp">
      <Filter>Source Files\Behaviors</Filter>
    </ClCompile>
    <ClCompile Include="WanderBehavior.cpp">
      <Filter>Source Files\Behaviors</Filter>
    </ClCompile>
    <ClCompile Include="WithinRangeCondition.cpp">
      <Filter>Source Files\Condtions</Filter>
    </ClCompile>
    <ClCompile Include="MoveToTargetDecision.cpp">
      <Filter>Source Files\Decisions</Filter>
    </ClCompile>
    <ClCompile Include="BooleanDecision.cpp">
      <Filter>Source Files\Decisions</Filter>
    </ClCompile>
    <ClCompile Include="DecisionTreeBehavior.cpp">
      <Filter>Source Files\Behaviors</Filter>
    </ClCompile>
    <ClCompile Include="BehaviorDecision.cpp">
      <Filter>Source Files\Decisions</Filter>
    </ClCompile>
    <ClCompile Include="AStar.cpp">
      <Filter>Source Files</Filter>
    </ClCompile>
    <ClCompile Include="Agent.cpp">
      <Filter>Source Files\Agents</Filter>
    </ClCompile>
    <ClCompile Include="Decision.cpp">
      <Filter>Source Files\Decisions</Filter>
    </ClCompile>
  </ItemGroup>
  <ItemGroup>
    <ClInclude Include="Transition.h">
      <Filter>Header Files</Filter>
    </ClInclude>
    <ClInclude Include="KeyboardBehavior.h">
      <Filter>Header Files\Behaviors</Filter>
    </ClInclude>
    <ClInclude Include="PursuitBehavior.h">
      <Filter>Header Files\Behaviors</Filter>
    </ClInclude>
    <ClInclude Include="ScreenEdgeBehavior.h">
      <Filter>Header Files\Behaviors</Filter>
    </ClInclude>
    <ClInclude Include="SeekBehavior.h">
      <Filter>Header Files\Behaviors</Filter>
    </ClInclude>
    <ClInclude Include="WanderBehavior.h">
      <Filter>Header Files\Behaviors</Filter>
    </ClInclude>
    <ClInclude Include="WithinRangeCondition.h">
      <Filter>Header Files\Conditions</Filter>
    </ClInclude>
    <ClInclude Include="MoveToTargetDecision.h">
      <Filter>Header Files\Decisions</Filter>
    </ClInclude>
    <ClInclude Include="BooleanDecision.h">
      <Filter>Header Files\Decisions</Filter>
    </ClInclude>
    <ClInclude Include="DecisionTreeBehavior.h">
      <Filter>Header Files\Behaviors</Filter>
    </ClInclude>
    <ClInclude Include="BehaviorDecision.h">
      <Filter>Header Files\Decisions</Filter>
    </ClInclude>
    <ClInclude Include="AStar.h">
      <Filter>Header Files</Filter>
    </ClInclude>
    <ClInclude Include="Agent.h">
      <Filter>Header Files\Agents</Filter>
    </ClInclude>
    <ClInclude Include="Behavior.h">
      <Filter>Header Files\Behaviors</Filter>
    </ClInclude>
    <ClInclude Include="Condition.h">
      <Filter>Header Files\Conditions</Filter>
    </ClInclude>
    <ClInclude Include="Decision.h">
      <Filter>Header Files\Decisions</Filter>
    </ClInclude>
    <ClInclude Include="PatrolBehovior.h">
      <Filter>Header Files</Filter>
    </ClInclude>
  </ItemGroup>
</Project>